
Microsoft Visual Studio Solution File, Format Version 12.00
# Visual Studio Version 17
VisualStudioVersion = 17.5.002.0
MinimumVisualStudioVersion = 10.0.40219.1
Project("{2150E333-8FDC-42A3-9474-1A3956D46DE8}") = "src", "src", "{E228D7F1-1F6D-4FAA-A4B2-1BBE50E4DA39}"
EndProject
Project("{9A19103F-16F7-4668-BE54-9A1E7A4F7556}") = "Kurmann.InfuseMediaIntegrator", "src\Kurmann.InfuseMediaIntegrator\Kurmann.InfuseMediaIntegrator.csproj", "{0827B11E-21FA-4114-89E5-27AB81FA48E9}"
EndProject
Project("{2150E333-8FDC-42A3-9474-1A3956D46DE8}") = "tests", "tests", "{6C56BB32-7D0E-4C8A-BBC4-77D24EC52BF7}"
EndProject
Project("{9A19103F-16F7-4668-BE54-9A1E7A4F7556}") = "Kurmann.InfuseMediaIntegrator.Tests", "tests\Kurmann.InfuseMediaIntegrator.Tests\Kurmann.InfuseMediaIntegrator.Tests.csproj", "{05FB5495-C952-435D-8912-48E7775EBF6C}"
EndProject
Global
	GlobalSection(SolutionConfigurationPlatforms) = preSolution
		Debug|Any CPU = Debug|Any CPU
		Release|Any CPU = Release|Any CPU
	EndGlobalSection
	GlobalSection(ProjectConfigurationPlatforms) = postSolution
		{0827B11E-21FA-4114-89E5-27AB81FA48E9}.Debug|Any CPU.ActiveCfg = Debug|Any CPU
		{0827B11E-21FA-4114-89E5-27AB81FA48E9}.Debug|Any CPU.Build.0 = Debug|Any CPU
		{0827B11E-21FA-4114-89E5-27AB81FA48E9}.Release|Any CPU.ActiveCfg = Release|Any CPU
		{0827B11E-21FA-4114-89E5-27AB81FA48E9}.Release|Any CPU.Build.0 = Release|Any CPU
		{05FB5495-C952-435D-8912-48E7775EBF6C}.Debug|Any CPU.ActiveCfg = Debug|Any CPU
		{05FB5495-C952-435D-8912-48E7775EBF6C}.Debug|Any CPU.Build.0 = Debug|Any CPU
		{05FB5495-C952-435D-8912-48E7775EBF6C}.Release|Any CPU.ActiveCfg = Release|Any CPU
		{05FB5495-C952-435D-8912-48E7775EBF6C}.Release|Any CPU.Build.0 = Release|Any CPU
	EndGlobalSection
	GlobalSection(SolutionProperties) = preSolution
		HideSolutionNode = FALSE
	EndGlobalSection
	GlobalSection(NestedProjects) = preSolution
		{0827B11E-21FA-4114-89E5-27AB81FA48E9} = {E228D7F1-1F6D-4FAA-A4B2-1BBE50E4DA39}
		{05FB5495-C952-435D-8912-48E7775EBF6C} = {6C56BB32-7D0E-4C8A-BBC4-77D24EC52BF7}
	EndGlobalSection
	GlobalSection(ExtensibilityGlobals) = postSolution
		SolutionGuid = {12BC9140-AA79-4C39-976A-21C32303A075}
	EndGlobalSection
EndGlobal
